
Microsoft Visual Studio Solution File, Format Version 12.00
# Visual Studio Version 17
VisualStudioVersion = 17.11.35222.181
MinimumVisualStudioVersion = 10.0.40219.1
Project("{FAE04EC0-301F-11D3-BF4B-00C04F79EFBC}") = "MyBlogsRunner", "MyBlogsRunner\MyBlogsRunner.csproj", "{A9996B26-002E-44E6-ABA6-876CBAAAEBF5}"
EndProject
Global
	GlobalSection(SolutionConfigurationPlatforms) = preSolution
		Debug|Any CPU = Debug|Any CPU
		Release|Any CPU = Release|Any CPU
	EndGlobalSection
	GlobalSection(ProjectConfigurationPlatforms) = postSolution
		{A9996B26-002E-44E6-ABA6-876CBAAAEBF5}.Debug|Any CPU.ActiveCfg = Debug|Any CPU
		{A9996B26-002E-44E6-ABA6-876CBAAAEBF5}.Debug|Any CPU.Build.0 = Debug|Any CPU
		{A9996B26-002E-44E6-ABA6-876CBAAAEBF5}.Release|Any CPU.ActiveCfg = Release|Any CPU
		{A9996B26-002E-44E6-ABA6-876CBAAAEBF5}.Release|Any CPU.Build.0 = Release|Any CPU
	EndGlobalSection
	GlobalSection(SolutionProperties) = preSolution
		HideSolutionNode = FALSE
	EndGlobalSection
	GlobalSection(ExtensibilityGlobals) = postSolution
		SolutionGuid = {A777D40F-3D76-41F5-A185-FC1D15EDE1B0}
	EndGlobalSection
EndGlobal
